
Microsoft Visual Studio Solution File, Format Version 12.00
# Visual Studio Version 17
VisualStudioVersion = 17.8.34330.188
MinimumVisualStudioVersion = 10.0.40219.1
Project("{9A19103F-16F7-4668-BE54-9A1E7A4F7556}") = "CounterApi", "CounterApi\CounterApi.csproj", "{8AB87556-7AA7-4E61-978F-DD73B3BF447A}"
EndProject
Project("{9A19103F-16F7-4668-BE54-9A1E7A4F7556}") = "IdentityApi", "IdentityApi\IdentityApi.csproj", "{726C8AEA-70B7-4B2A-A40E-CD6E28C3966E}"
EndProject
Project("{9A19103F-16F7-4668-BE54-9A1E7A4F7556}") = "CounterServer", "SocketServer\CounterServer.csproj", "{5113E642-A53C-4B49-852B-C06A655EA8B8}"
EndProject
Project("{9A19103F-16F7-4668-BE54-9A1E7A4F7556}") = "RSAKeyExchangeModule", "RSAKeyExchangeModule\RSAKeyExchangeModule.csproj", "{23FADE23-4CAF-4676-AA9E-469C34F59A35}"
EndProject
Global
	GlobalSection(SolutionConfigurationPlatforms) = preSolution
		Debug|Any CPU = Debug|Any CPU
		Release|Any CPU = Release|Any CPU
	EndGlobalSection
	GlobalSection(ProjectConfigurationPlatforms) = postSolution
		{8AB87556-7AA7-4E61-978F-DD73B3BF447A}.Debug|Any CPU.ActiveCfg = Debug|Any CPU
		{8AB87556-7AA7-4E61-978F-DD73B3BF447A}.Debug|Any CPU.Build.0 = Debug|Any CPU
		{8AB87556-7AA7-4E61-978F-DD73B3BF447A}.Release|Any CPU.ActiveCfg = Release|Any CPU
		{8AB87556-7AA7-4E61-978F-DD73B3BF447A}.Release|Any CPU.Build.0 = Release|Any CPU
		{726C8AEA-70B7-4B2A-A40E-CD6E28C3966E}.Debug|Any CPU.ActiveCfg = Debug|Any CPU
		{726C8AEA-70B7-4B2A-A40E-CD6E28C3966E}.Debug|Any CPU.Build.0 = Debug|Any CPU
		{726C8AEA-70B7-4B2A-A40E-CD6E28C3966E}.Release|Any CPU.ActiveCfg = Release|Any CPU
		{726C8AEA-70B7-4B2A-A40E-CD6E28C3966E}.Release|Any CPU.Build.0 = Release|Any CPU
		{5113E642-A53C-4B49-852B-C06A655EA8B8}.Debug|Any CPU.ActiveCfg = Debug|Any CPU
		{5113E642-A53C-4B49-852B-C06A655EA8B8}.Debug|Any CPU.Build.0 = Debug|Any CPU
		{5113E642-A53C-4B49-852B-C06A655EA8B8}.Release|Any CPU.ActiveCfg = Release|Any CPU
		{5113E642-A53C-4B49-852B-C06A655EA8B8}.Release|Any CPU.Build.0 = Release|Any CPU
		{23FADE23-4CAF-4676-AA9E-469C34F59A35}.Debug|Any CPU.ActiveCfg = Debug|Any CPU
		{23FADE23-4CAF-4676-AA9E-469C34F59A35}.Debug|Any CPU.Build.0 = Debug|Any CPU
		{23FADE23-4CAF-4676-AA9E-469C34F59A35}.Release|Any CPU.ActiveCfg = Release|Any CPU
		{23FADE23-4CAF-4676-AA9E-469C34F59A35}.Release|Any CPU.Build.0 = Release|Any CPU
	EndGlobalSection
	GlobalSection(SolutionProperties) = preSolution
		HideSolutionNode = FALSE
	EndGlobalSection
	GlobalSection(ExtensibilityGlobals) = postSolution
		SolutionGuid = {98557CB3-3A11-4A36-BDCF-8A0C28BAF64D}
	EndGlobalSection
EndGlobal
